
Microsoft Visual Studio Solution File, Format Version 12.00
# Visual Studio Version 17
VisualStudioVersion = 17.0.31903.59
MinimumVisualStudioVersion = 10.0.40219.1
Project("{FAE04EC0-301F-11D3-BF4B-00C04F79EFBC}") = "Core", "Core\Core.csproj", "{C1076F4B-A49A-4D3D-98EE-B50DF3644D4E}"
EndProject
Project("{FAE04EC0-301F-11D3-BF4B-00C04F79EFBC}") = "Application", "Application\Application.csproj", "{8EB165BF-927C-4295-AA2C-AFE820833200}"
EndProject
Project("{FAE04EC0-301F-11D3-BF4B-00C04F79EFBC}") = "Infrastructure", "Infrastructure\Infrastructure.csproj", "{AB08048A-A9FB-4795-A4F6-2F452FF99B44}"
EndProject
Project("{2150E333-8FDC-42A3-9474-1A3956D46DE8}") = "UI-Blazor", "UI-Blazor", "{8F463315-B67A-A694-85B4-12ACD88DB5A1}"
EndProject
Project("{FAE04EC0-301F-11D3-BF4B-00C04F79EFBC}") = "Cliente", "UI-Blazor\Cliente\Cliente.csproj", "{59E6AE86-EA11-483D-BFED-AD61C3A9E629}"
EndProject
Project("{FAE04EC0-301F-11D3-BF4B-00C04F79EFBC}") = "Servidor", "UI-Blazor\Servidor\Servidor.csproj", "{09697721-927F-4E28-ACA9-9C99D8F68443}"
EndProject
Project("{FAE04EC0-301F-11D3-BF4B-00C04F79EFBC}") = "API", "API\API.csproj", "{B6EA8353-632A-4CAC-84E1-CFD10FBEE9ED}"
EndProject
Global
	GlobalSection(SolutionConfigurationPlatforms) = preSolution
		Debug|Any CPU = Debug|Any CPU
		Debug|x64 = Debug|x64
		Debug|x86 = Debug|x86
		Release|Any CPU = Release|Any CPU
		Release|x64 = Release|x64
		Release|x86 = Release|x86
	EndGlobalSection
	GlobalSection(ProjectConfigurationPlatforms) = postSolution
		{C1076F4B-A49A-4D3D-98EE-B50DF3644D4E}.Debug|Any CPU.ActiveCfg = Debug|Any CPU
		{C1076F4B-A49A-4D3D-98EE-B50DF3644D4E}.Debug|Any CPU.Build.0 = Debug|Any CPU
		{C1076F4B-A49A-4D3D-98EE-B50DF3644D4E}.Debug|x64.ActiveCfg = Debug|Any CPU
		{C1076F4B-A49A-4D3D-98EE-B50DF3644D4E}.Debug|x64.Build.0 = Debug|Any CPU
		{C1076F4B-A49A-4D3D-98EE-B50DF3644D4E}.Debug|x86.ActiveCfg = Debug|Any CPU
		{C1076F4B-A49A-4D3D-98EE-B50DF3644D4E}.Debug|x86.Build.0 = Debug|Any CPU
		{C1076F4B-A49A-4D3D-98EE-B50DF3644D4E}.Release|Any CPU.ActiveCfg = Release|Any CPU
		{C1076F4B-A49A-4D3D-98EE-B50DF3644D4E}.Release|Any CPU.Build.0 = Release|Any CPU
		{C1076F4B-A49A-4D3D-98EE-B50DF3644D4E}.Release|x64.ActiveCfg = Release|Any CPU
		{C1076F4B-A49A-4D3D-98EE-B50DF3644D4E}.Release|x64.Build.0 = Release|Any CPU
		{C1076F4B-A49A-4D3D-98EE-B50DF3644D4E}.Release|x86.ActiveCfg = Release|Any CPU
		{C1076F4B-A49A-4D3D-98EE-B50DF3644D4E}.Release|x86.Build.0 = Release|Any CPU
		{8EB165BF-927C-4295-AA2C-AFE820833200}.Debug|Any CPU.ActiveCfg = Debug|Any CPU
		{8EB165BF-927C-4295-AA2C-AFE820833200}.Debug|Any CPU.Build.0 = Debug|Any CPU
		{8EB165BF-927C-4295-AA2C-AFE820833200}.Debug|x64.ActiveCfg = Debug|Any CPU
		{8EB165BF-927C-4295-AA2C-AFE820833200}.Debug|x64.Build.0 = Debug|Any CPU
		{8EB165BF-927C-4295-AA2C-AFE820833200}.Debug|x86.ActiveCfg = Debug|Any CPU
		{8EB165BF-927C-4295-AA2C-AFE820833200}.Debug|x86.Build.0 = Debug|Any CPU
		{8EB165BF-927C-4295-AA2C-AFE820833200}.Release|Any CPU.ActiveCfg = Release|Any CPU
		{8EB165BF-927C-4295-AA2C-AFE820833200}.Release|Any CPU.Build.0 = Release|Any CPU
		{8EB165BF-927C-4295-AA2C-AFE820833200}.Release|x64.ActiveCfg = Release|Any CPU
		{8EB165BF-927C-4295-AA2C-AFE820833200}.Release|x64.Build.0 = Release|Any CPU
		{8EB165BF-927C-4295-AA2C-AFE820833200}.Release|x86.ActiveCfg = Release|Any CPU
		{8EB165BF-927C-4295-AA2C-AFE820833200}.Release|x86.Build.0 = Release|Any CPU
		{AB08048A-A9FB-4795-A4F6-2F452FF99B44}.Debug|Any CPU.ActiveCfg = Debug|Any CPU
		{AB08048A-A9FB-4795-A4F6-2F452FF99B44}.Debug|Any CPU.Build.0 = Debug|Any CPU
		{AB08048A-A9FB-4795-A4F6-2F452FF99B44}.Debug|x64.ActiveCfg = Debug|Any CPU
		{AB08048A-A9FB-4795-A4F6-2F452FF99B44}.Debug|x64.Build.0 = Debug|Any CPU
		{AB08048A-A9FB-4795-A4F6-2F452FF99B44}.Debug|x86.ActiveCfg = Debug|Any CPU
		{AB08048A-A9FB-4795-A4F6-2F452FF99B44}.Debug|x86.Build.0 = Debug|Any CPU
		{AB08048A-A9FB-4795-A4F6-2F452FF99B44}.Release|Any CPU.ActiveCfg = Release|Any CPU
		{AB08048A-A9FB-4795-A4F6-2F452FF99B44}.Release|Any CPU.Build.0 = Release|Any CPU
		{AB08048A-A9FB-4795-A4F6-2F452FF99B44}.Release|x64.ActiveCfg = Release|Any CPU
		{AB08048A-A9FB-4795-A4F6-2F452FF99B44}.Release|x64.Build.0 = Release|Any CPU
		{AB08048A-A9FB-4795-A4F6-2F452FF99B44}.Release|x86.ActiveCfg = Release|Any CPU
		{AB08048A-A9FB-4795-A4F6-2F452FF99B44}.Release|x86.Build.0 = Release|Any CPU
		{59E6AE86-EA11-483D-BFED-AD61C3A9E629}.Debug|Any CPU.ActiveCfg = Debug|Any CPU
		{59E6AE86-EA11-483D-BFED-AD61C3A9E629}.Debug|Any CPU.Build.0 = Debug|Any CPU
		{59E6AE86-EA11-483D-BFED-AD61C3A9E629}.Debug|x64.ActiveCfg = Debug|Any CPU
		{59E6AE86-EA11-483D-BFED-AD61C3A9E629}.Debug|x64.Build.0 = Debug|Any CPU
		{59E6AE86-EA11-483D-BFED-AD61C3A9E629}.Debug|x86.ActiveCfg = Debug|Any CPU
		{59E6AE86-EA11-483D-BFED-AD61C3A9E629}.Debug|x86.Build.0 = Debug|Any CPU
		{59E6AE86-EA11-483D-BFED-AD61C3A9E629}.Release|Any CPU.ActiveCfg = Release|Any CPU
		{59E6AE86-EA11-483D-BFED-AD61C3A9E629}.Release|Any CPU.Build.0 = Release|Any CPU
		{59E6AE86-EA11-483D-BFED-AD61C3A9E629}.Release|x64.ActiveCfg = Release|Any CPU
		{59E6AE86-EA11-483D-BFED-AD61C3A9E629}.Release|x64.Build.0 = Release|Any CPU
		{59E6AE86-EA11-483D-BFED-AD61C3A9E629}.Release|x86.ActiveCfg = Release|Any CPU
		{59E6AE86-EA11-483D-BFED-AD61C3A9E629}.Release|x86.Build.0 = Release|Any CPU
		{09697721-927F-4E28-ACA9-9C99D8F68443}.Debug|Any CPU.ActiveCfg = Debug|Any CPU
		{09697721-927F-4E28-ACA9-9C99D8F68443}.Debug|Any CPU.Build.0 = Debug|Any CPU
		{09697721-927F-4E28-ACA9-9C99D8F68443}.Debug|x64.ActiveCfg = Debug|Any CPU
		{09697721-927F-4E28-ACA9-9C99D8F68443}.Debug|x64.Build.0 = Debug|Any CPU
		{09697721-927F-4E28-ACA9-9C99D8F68443}.Debug|x86.ActiveCfg = Debug|Any CPU
		{09697721-927F-4E28-ACA9-9C99D8F68443}.Debug|x86.Build.0 = Debug|Any CPU
		{09697721-927F-4E28-ACA9-9C99D8F68443}.Release|Any CPU.ActiveCfg = Release|Any CPU
		{09697721-927F-4E28-ACA9-9C99D8F68443}.Release|Any CPU.Build.0 = Release|Any CPU
		{09697721-927F-4E28-ACA9-9C99D8F68443}.Release|x64.ActiveCfg = Release|Any CPU
		{09697721-927F-4E28-ACA9-9C99D8F68443}.Release|x64.Build.0 = Release|Any CPU
		{09697721-927F-4E28-ACA9-9C99D8F68443}.Release|x86.ActiveCfg = Release|Any CPU
		{09697721-927F-4E28-ACA9-9C99D8F68443}.Release|x86.Build.0 = Release|Any CPU
		{B6EA8353-632A-4CAC-84E1-CFD10FBEE9ED}.Debug|Any CPU.ActiveCfg = Debug|Any CPU
		{B6EA8353-632A-4CAC-84E1-CFD10FBEE9ED}.Debug|Any CPU.Build.0 = Debug|Any CPU
		{B6EA8353-632A-4CAC-84E1-CFD10FBEE9ED}.Debug|x64.ActiveCfg = Debug|Any CPU
		{B6EA8353-632A-4CAC-84E1-CFD10FBEE9ED}.Debug|x64.Build.0 = Debug|Any CPU
		{B6EA8353-632A-4CAC-84E1-CFD10FBEE9ED}.Debug|x86.ActiveCfg = Debug|Any CPU
		{B6EA8353-632A-4CAC-84E1-CFD10FBEE9ED}.Debug|x86.Build.0 = Debug|Any CPU
		{B6EA8353-632A-4CAC-84E1-CFD10FBEE9ED}.Release|Any CPU.ActiveCfg = Release|Any CPU
		{B6EA8353-632A-4CAC-84E1-CFD10FBEE9ED}.Release|Any CPU.Build.0 = Release|Any CPU
		{B6EA8353-632A-4CAC-84E1-CFD10FBEE9ED}.Release|x64.ActiveCfg = Release|Any CPU
		{B6EA8353-632A-4CAC-84E1-CFD10FBEE9ED}.Release|x64.Build.0 = Release|Any CPU
		{B6EA8353-632A-4CAC-84E1-CFD10FBEE9ED}.Release|x86.ActiveCfg = Release|Any CPU
		{B6EA8353-632A-4CAC-84E1-CFD10FBEE9ED}.Release|x86.Build.0 = Release|Any CPU
	EndGlobalSection
	GlobalSection(SolutionProperties) = preSolution
		HideSolutionNode = FALSE
	EndGlobalSection
	GlobalSection(NestedProjects) = preSolution
		{59E6AE86-EA11-483D-BFED-AD61C3A9E629} = {8F463315-B67A-A694-85B4-12ACD88DB5A1}
		{09697721-927F-4E28-ACA9-9C99D8F68443} = {8F463315-B67A-A694-85B4-12ACD88DB5A1}
	EndGlobalSection
EndGlobal
